
Microsoft Visual Studio Solution File, Format Version 12.00
Project("{FAE04EC0-301F-11D3-BF4B-00C04F79EFBC}") = "UdpServer", "UdpServer\UdpServer.csproj", "{DBED375A-6F6F-4990-9668-C4E3BB185B6D}"
EndProject
Global
	GlobalSection(SolutionConfigurationPlatforms) = preSolution
		Debug|Any CPU = Debug|Any CPU
		Release|Any CPU = Release|Any CPU
	EndGlobalSection
	GlobalSection(ProjectConfigurationPlatforms) = postSolution
		{DBED375A-6F6F-4990-9668-C4E3BB185B6D}.Debug|Any CPU.ActiveCfg = Debug|Any CPU
		{DBED375A-6F6F-4990-9668-C4E3BB185B6D}.Debug|Any CPU.Build.0 = Debug|Any CPU
		{DBED375A-6F6F-4990-9668-C4E3BB185B6D}.Release|Any CPU.ActiveCfg = Release|Any CPU
		{DBED375A-6F6F-4990-9668-C4E3BB185B6D}.Release|Any CPU.Build.0 = Release|Any CPU
	EndGlobalSection
EndGlobal
