
Microsoft Visual Studio Solution File, Format Version 12.00
Project("{FAE04EC0-301F-11D3-BF4B-00C04F79EFBC}") = "Ventures.Service", "Ventures.Service\Ventures.Service.csproj", "{EBA7AB0B-D370-4B73-B2B2-F89305658BC8}"
EndProject
Project("{FAE04EC0-301F-11D3-BF4B-00C04F79EFBC}") = "Ventures.Tests", "Ventures.Tests\Ventures.Tests.csproj", "{789C8C31-2409-4539-9FA2-6AED1A0A5326}"
EndProject
Global
	GlobalSection(SolutionConfigurationPlatforms) = preSolution
		Debug|Any CPU = Debug|Any CPU
		Release|Any CPU = Release|Any CPU
	EndGlobalSection
	GlobalSection(ProjectConfigurationPlatforms) = postSolution
		{EBA7AB0B-D370-4B73-B2B2-F89305658BC8}.Debug|Any CPU.ActiveCfg = Debug|Any CPU
		{EBA7AB0B-D370-4B73-B2B2-F89305658BC8}.Debug|Any CPU.Build.0 = Debug|Any CPU
		{EBA7AB0B-D370-4B73-B2B2-F89305658BC8}.Release|Any CPU.ActiveCfg = Release|Any CPU
		{EBA7AB0B-D370-4B73-B2B2-F89305658BC8}.Release|Any CPU.Build.0 = Release|Any CPU
		{789C8C31-2409-4539-9FA2-6AED1A0A5326}.Debug|Any CPU.ActiveCfg = Debug|Any CPU
		{789C8C31-2409-4539-9FA2-6AED1A0A5326}.Debug|Any CPU.Build.0 = Debug|Any CPU
		{789C8C31-2409-4539-9FA2-6AED1A0A5326}.Release|Any CPU.ActiveCfg = Release|Any CPU
		{789C8C31-2409-4539-9FA2-6AED1A0A5326}.Release|Any CPU.Build.0 = Release|Any CPU
	EndGlobalSection
	GlobalSection(NestedProjects) = preSolution
	EndGlobalSection
EndGlobal
