
Microsoft Visual Studio Solution File, Format Version 12.00
Project("{FAE04EC0-301F-11D3-BF4B-00C04F79EFBC}") = "UDP.Client", "UDP\UDP.Client\UDP.Client.csproj", "{6B3302F7-759E-4D5E-9947-2F1211054E0A}"
EndProject
Project("{FAE04EC0-301F-11D3-BF4B-00C04F79EFBC}") = "UDP.Shared", "UDP\UDP.Shared\UDP.Shared.csproj", "{3F70A29F-9470-45EF-959E-9B1F40E0AF29}"
EndProject
Project("{FAE04EC0-301F-11D3-BF4B-00C04F79EFBC}") = "UDP.Server", "UDP\UDP.Server\UDP.Server.csproj", "{6302FF4A-8004-4F7A-A774-40B93D47D36D}"
EndProject
Project("{2150E333-8FDC-42A3-9474-1A3956D46DE8}") = "UDP", "UDP", "{587431F7-201A-4ECF-B9F8-FD0657DEB191}"
	ProjectSection(SolutionItems) = preProject
		UDP\UDP.CLI.ps1 = UDP\UDP.CLI.ps1
	EndProjectSection
EndProject
Project("{FAE04EC0-301F-11D3-BF4B-00C04F79EFBC}") = "UDP.Tests", "UDP\UDP.Tests\UDP.Tests.csproj", "{A985218B-FF1F-4F9C-9431-29AD80E44CE5}"
EndProject
Project("{FAE04EC0-301F-11D3-BF4B-00C04F79EFBC}") = "Ventures.Service", "Ventures.Service\Ventures.Service.csproj", "{EBA7AB0B-D370-4B73-B2B2-F89305658BC8}"
EndProject
Project("{FAE04EC0-301F-11D3-BF4B-00C04F79EFBC}") = "Ventures.Tests", "Ventures.Tests\Ventures.Tests.csproj", "{789C8C31-2409-4539-9FA2-6AED1A0A5326}"
EndProject
Global
	GlobalSection(SolutionConfigurationPlatforms) = preSolution
		Debug|Any CPU = Debug|Any CPU
		Release|Any CPU = Release|Any CPU
	EndGlobalSection
	GlobalSection(ProjectConfigurationPlatforms) = postSolution
		{6B3302F7-759E-4D5E-9947-2F1211054E0A}.Debug|Any CPU.ActiveCfg = Debug|Any CPU
		{6B3302F7-759E-4D5E-9947-2F1211054E0A}.Debug|Any CPU.Build.0 = Debug|Any CPU
		{6B3302F7-759E-4D5E-9947-2F1211054E0A}.Release|Any CPU.ActiveCfg = Release|Any CPU
		{6B3302F7-759E-4D5E-9947-2F1211054E0A}.Release|Any CPU.Build.0 = Release|Any CPU
		{3F70A29F-9470-45EF-959E-9B1F40E0AF29}.Debug|Any CPU.ActiveCfg = Debug|Any CPU
		{3F70A29F-9470-45EF-959E-9B1F40E0AF29}.Debug|Any CPU.Build.0 = Debug|Any CPU
		{3F70A29F-9470-45EF-959E-9B1F40E0AF29}.Release|Any CPU.ActiveCfg = Release|Any CPU
		{3F70A29F-9470-45EF-959E-9B1F40E0AF29}.Release|Any CPU.Build.0 = Release|Any CPU
		{6302FF4A-8004-4F7A-A774-40B93D47D36D}.Debug|Any CPU.ActiveCfg = Debug|Any CPU
		{6302FF4A-8004-4F7A-A774-40B93D47D36D}.Debug|Any CPU.Build.0 = Debug|Any CPU
		{6302FF4A-8004-4F7A-A774-40B93D47D36D}.Release|Any CPU.ActiveCfg = Release|Any CPU
		{6302FF4A-8004-4F7A-A774-40B93D47D36D}.Release|Any CPU.Build.0 = Release|Any CPU
		{A985218B-FF1F-4F9C-9431-29AD80E44CE5}.Debug|Any CPU.ActiveCfg = Debug|Any CPU
		{A985218B-FF1F-4F9C-9431-29AD80E44CE5}.Debug|Any CPU.Build.0 = Debug|Any CPU
		{A985218B-FF1F-4F9C-9431-29AD80E44CE5}.Release|Any CPU.ActiveCfg = Release|Any CPU
		{A985218B-FF1F-4F9C-9431-29AD80E44CE5}.Release|Any CPU.Build.0 = Release|Any CPU
		{EBA7AB0B-D370-4B73-B2B2-F89305658BC8}.Debug|Any CPU.ActiveCfg = Debug|Any CPU
		{EBA7AB0B-D370-4B73-B2B2-F89305658BC8}.Debug|Any CPU.Build.0 = Debug|Any CPU
		{EBA7AB0B-D370-4B73-B2B2-F89305658BC8}.Release|Any CPU.ActiveCfg = Release|Any CPU
		{EBA7AB0B-D370-4B73-B2B2-F89305658BC8}.Release|Any CPU.Build.0 = Release|Any CPU
		{789C8C31-2409-4539-9FA2-6AED1A0A5326}.Debug|Any CPU.ActiveCfg = Debug|Any CPU
		{789C8C31-2409-4539-9FA2-6AED1A0A5326}.Debug|Any CPU.Build.0 = Debug|Any CPU
		{789C8C31-2409-4539-9FA2-6AED1A0A5326}.Release|Any CPU.ActiveCfg = Release|Any CPU
		{789C8C31-2409-4539-9FA2-6AED1A0A5326}.Release|Any CPU.Build.0 = Release|Any CPU
	EndGlobalSection
	GlobalSection(NestedProjects) = preSolution
		{6B3302F7-759E-4D5E-9947-2F1211054E0A} = {587431F7-201A-4ECF-B9F8-FD0657DEB191}
		{6302FF4A-8004-4F7A-A774-40B93D47D36D} = {587431F7-201A-4ECF-B9F8-FD0657DEB191}
		{3F70A29F-9470-45EF-959E-9B1F40E0AF29} = {587431F7-201A-4ECF-B9F8-FD0657DEB191}
		{A985218B-FF1F-4F9C-9431-29AD80E44CE5} = {587431F7-201A-4ECF-B9F8-FD0657DEB191}
	EndGlobalSection
EndGlobal
